
Microsoft Visual Studio Solution File, Format Version 12.00
# Visual Studio Version 16
VisualStudioVersion = 16.0.29418.71
MinimumVisualStudioVersion = 10.0.40219.1
Project("{FAE04EC0-301F-11D3-BF4B-00C04F79EFBC}") = "markoGalavićTournamentTracker", "markoGalavićTournamentTracker\markoGalavićTournamentTracker.csproj", "{14E6B185-5F13-4916-AEC6-0ACF25E2F48E}"
EndProject
Project("{FAE04EC0-301F-11D3-BF4B-00C04F79EFBC}") = "TrackerUI", "TrackerUI\TrackerUI.csproj", "{B4FE366B-B0F5-4C30-9558-198F1CAD9AFE}"
EndProject
Global
	GlobalSection(SolutionConfigurationPlatforms) = preSolution
		Debug|Any CPU = Debug|Any CPU
		Release|Any CPU = Release|Any CPU
	EndGlobalSection
	GlobalSection(ProjectConfigurationPlatforms) = postSolution
		{14E6B185-5F13-4916-AEC6-0ACF25E2F48E}.Debug|Any CPU.ActiveCfg = Debug|Any CPU
		{14E6B185-5F13-4916-AEC6-0ACF25E2F48E}.Debug|Any CPU.Build.0 = Debug|Any CPU
		{14E6B185-5F13-4916-AEC6-0ACF25E2F48E}.Release|Any CPU.ActiveCfg = Release|Any CPU
		{14E6B185-5F13-4916-AEC6-0ACF25E2F48E}.Release|Any CPU.Build.0 = Release|Any CPU
		{B4FE366B-B0F5-4C30-9558-198F1CAD9AFE}.Debug|Any CPU.ActiveCfg = Debug|Any CPU
		{B4FE366B-B0F5-4C30-9558-198F1CAD9AFE}.Debug|Any CPU.Build.0 = Debug|Any CPU
		{B4FE366B-B0F5-4C30-9558-198F1CAD9AFE}.Release|Any CPU.ActiveCfg = Release|Any CPU
		{B4FE366B-B0F5-4C30-9558-198F1CAD9AFE}.Release|Any CPU.Build.0 = Release|Any CPU
	EndGlobalSection
	GlobalSection(SolutionProperties) = preSolution
		HideSolutionNode = FALSE
	EndGlobalSection
	GlobalSection(ExtensibilityGlobals) = postSolution
		SolutionGuid = {1BFAD42D-DE6E-4C96-B9BE-00A1A4B6C234}
	EndGlobalSection
EndGlobal
